
Microsoft Visual Studio Solution File, Format Version 12.00
# Visual Studio Version 16
VisualStudioVersion = 16.0.31702.278
MinimumVisualStudioVersion = 10.0.40219.1
Project("{FAE04EC0-301F-11D3-BF4B-00C04F79EFBC}") = "ServerUdpNotifycaciones", "ServerUdpNotifycaciones\ServerUdpNotifycaciones.csproj", "{92A19463-065C-4246-B4D5-65C50D3A1917}"
EndProject
Project("{FAE04EC0-301F-11D3-BF4B-00C04F79EFBC}") = "ClientUdpNotificacion", "ClientUdpNotificacion\ClientUdpNotificacion.csproj", "{EB65BAAA-A4F6-4C9D-9774-A7CB58970E1D}"
EndProject
Global
	GlobalSection(SolutionConfigurationPlatforms) = preSolution
		Debug|Any CPU = Debug|Any CPU
		Release|Any CPU = Release|Any CPU
	EndGlobalSection
	GlobalSection(ProjectConfigurationPlatforms) = postSolution
		{92A19463-065C-4246-B4D5-65C50D3A1917}.Debug|Any CPU.ActiveCfg = Debug|Any CPU
		{92A19463-065C-4246-B4D5-65C50D3A1917}.Debug|Any CPU.Build.0 = Debug|Any CPU
		{92A19463-065C-4246-B4D5-65C50D3A1917}.Release|Any CPU.ActiveCfg = Release|Any CPU
		{92A19463-065C-4246-B4D5-65C50D3A1917}.Release|Any CPU.Build.0 = Release|Any CPU
		{EB65BAAA-A4F6-4C9D-9774-A7CB58970E1D}.Debug|Any CPU.ActiveCfg = Debug|Any CPU
		{EB65BAAA-A4F6-4C9D-9774-A7CB58970E1D}.Debug|Any CPU.Build.0 = Debug|Any CPU
		{EB65BAAA-A4F6-4C9D-9774-A7CB58970E1D}.Release|Any CPU.ActiveCfg = Release|Any CPU
		{EB65BAAA-A4F6-4C9D-9774-A7CB58970E1D}.Release|Any CPU.Build.0 = Release|Any CPU
	EndGlobalSection
	GlobalSection(SolutionProperties) = preSolution
		HideSolutionNode = FALSE
	EndGlobalSection
	GlobalSection(ExtensibilityGlobals) = postSolution
		SolutionGuid = {273FA2FD-BF5A-4604-A6C0-6D6EA7D1E663}
	EndGlobalSection
EndGlobal
